
Microsoft Visual Studio Solution File, Format Version 12.00
# Visual Studio Version 17
VisualStudioVersion = 17.8.34316.72
MinimumVisualStudioVersion = 10.0.40219.1
Project("{9A19103F-16F7-4668-BE54-9A1E7A4F7556}") = "HomeChoreTracker.Api", "HomeChoreTracker.Api\HomeChoreTracker.Api.csproj", "{4068231E-7019-40C5-BFC5-D3147C0E272D}"
EndProject
Project("{9A19103F-16F7-4668-BE54-9A1E7A4F7556}") = "HomeChoreTracker.Api.Tests", "HomeChoreTracker.Api.Tests\HomeChoreTracker.Api.Tests.csproj", "{1A6D4AFC-46A1-466F-97A4-F3EAC04B7322}"
EndProject
Project("{FAE04EC0-301F-11D3-BF4B-00C04F79EFBC}") = "HomeChoreTracker.Api.IntegrationTests", "HomeChoreTracker.Api.IntegrationTests\HomeChoreTracker.Api.IntegrationTests.csproj", "{67E78506-7E9C-4C42-9D4F-148568B0240A}"
EndProject
Global
	GlobalSection(SolutionConfigurationPlatforms) = preSolution
		Debug|Any CPU = Debug|Any CPU
		Release|Any CPU = Release|Any CPU
	EndGlobalSection
	GlobalSection(ProjectConfigurationPlatforms) = postSolution
		{4068231E-7019-40C5-BFC5-D3147C0E272D}.Debug|Any CPU.ActiveCfg = Debug|Any CPU
		{4068231E-7019-40C5-BFC5-D3147C0E272D}.Debug|Any CPU.Build.0 = Debug|Any CPU
		{4068231E-7019-40C5-BFC5-D3147C0E272D}.Release|Any CPU.ActiveCfg = Release|Any CPU
		{4068231E-7019-40C5-BFC5-D3147C0E272D}.Release|Any CPU.Build.0 = Release|Any CPU
		{1A6D4AFC-46A1-466F-97A4-F3EAC04B7322}.Debug|Any CPU.ActiveCfg = Debug|Any CPU
		{1A6D4AFC-46A1-466F-97A4-F3EAC04B7322}.Debug|Any CPU.Build.0 = Debug|Any CPU
		{1A6D4AFC-46A1-466F-97A4-F3EAC04B7322}.Release|Any CPU.ActiveCfg = Release|Any CPU
		{1A6D4AFC-46A1-466F-97A4-F3EAC04B7322}.Release|Any CPU.Build.0 = Release|Any CPU
		{67E78506-7E9C-4C42-9D4F-148568B0240A}.Debug|Any CPU.ActiveCfg = Debug|Any CPU
		{67E78506-7E9C-4C42-9D4F-148568B0240A}.Debug|Any CPU.Build.0 = Debug|Any CPU
		{67E78506-7E9C-4C42-9D4F-148568B0240A}.Release|Any CPU.ActiveCfg = Release|Any CPU
		{67E78506-7E9C-4C42-9D4F-148568B0240A}.Release|Any CPU.Build.0 = Release|Any CPU
	EndGlobalSection
	GlobalSection(SolutionProperties) = preSolution
		HideSolutionNode = FALSE
	EndGlobalSection
	GlobalSection(ExtensibilityGlobals) = postSolution
		SolutionGuid = {9047C27E-D9D9-4B4C-9220-8EEA2EE68E66}
	EndGlobalSection
EndGlobal
